
Microsoft Visual Studio Solution File, Format Version 12.00
# Visual Studio Version 17
VisualStudioVersion = 17.4.33205.214
MinimumVisualStudioVersion = 10.0.40219.1
Project("{FAE04EC0-301F-11D3-BF4B-00C04F79EFBC}") = "WebApp8", "WebApp8\WebApp8.csproj", "{F446C937-7E83-4CB2-9AF8-9A0C8DFE732A}"
EndProject
Global
	GlobalSection(SolutionConfigurationPlatforms) = preSolution
		Debug|Any CPU = Debug|Any CPU
		Release|Any CPU = Release|Any CPU
	EndGlobalSection
	GlobalSection(ProjectConfigurationPlatforms) = postSolution
		{F446C937-7E83-4CB2-9AF8-9A0C8DFE732A}.Debug|Any CPU.ActiveCfg = Debug|Any CPU
		{F446C937-7E83-4CB2-9AF8-9A0C8DFE732A}.Debug|Any CPU.Build.0 = Debug|Any CPU
		{F446C937-7E83-4CB2-9AF8-9A0C8DFE732A}.Release|Any CPU.ActiveCfg = Release|Any CPU
		{F446C937-7E83-4CB2-9AF8-9A0C8DFE732A}.Release|Any CPU.Build.0 = Release|Any CPU
	EndGlobalSection
	GlobalSection(SolutionProperties) = preSolution
		HideSolutionNode = FALSE
	EndGlobalSection
	GlobalSection(ExtensibilityGlobals) = postSolution
		SolutionGuid = {5849D635-AA21-4FD1-A4E9-C3F95928C90E}
	EndGlobalSection
EndGlobal
